
Microsoft Visual Studio Solution File, Format Version 12.00
# Visual Studio Version 17
VisualStudioVersion = 17.4.33205.214
MinimumVisualStudioVersion = 10.0.40219.1
Project("{FAE04EC0-301F-11D3-BF4B-00C04F79EFBC}") = "Practice_3", "Practice_3\Practice_3.csproj", "{37AE7295-F888-406E-8ADF-68F03B716B0B}"
EndProject
Global
	GlobalSection(SolutionConfigurationPlatforms) = preSolution
		Debug|Any CPU = Debug|Any CPU
		Release|Any CPU = Release|Any CPU
	EndGlobalSection
	GlobalSection(ProjectConfigurationPlatforms) = postSolution
		{37AE7295-F888-406E-8ADF-68F03B716B0B}.Debug|Any CPU.ActiveCfg = Debug|Any CPU
		{37AE7295-F888-406E-8ADF-68F03B716B0B}.Debug|Any CPU.Build.0 = Debug|Any CPU
		{37AE7295-F888-406E-8ADF-68F03B716B0B}.Release|Any CPU.ActiveCfg = Release|Any CPU
		{37AE7295-F888-406E-8ADF-68F03B716B0B}.Release|Any CPU.Build.0 = Release|Any CPU
	EndGlobalSection
	GlobalSection(SolutionProperties) = preSolution
		HideSolutionNode = FALSE
	EndGlobalSection
	GlobalSection(ExtensibilityGlobals) = postSolution
		SolutionGuid = {C72038A0-5C1F-4865-8D22-2069A8CC81A3}
	EndGlobalSection
EndGlobal
